
Microsoft Visual Studio Solution File, Format Version 12.00
# Visual Studio 15
VisualStudioVersion = 15.0.26430.4
MinimumVisualStudioVersion = 10.0.40219.1
Project("{FAE04EC0-301F-11D3-BF4B-00C04F79EFBC}") = "2015137344-CON", "2015137344-CON\2015137344-CON.csproj", "{6B987C10-98F4-4D7B-97FD-40B0AAA4E6B8}"
EndProject
Project("{FAE04EC0-301F-11D3-BF4B-00C04F79EFBC}") = "2015137344-ENT", "2015137344-ENT\2015137344-ENT.csproj", "{EF4060D8-F82B-4AC9-B473-73BBC2D049B9}"
EndProject
Project("{FAE04EC0-301F-11D3-BF4B-00C04F79EFBC}") = "2015137344-PER", "2015137344-PER\2015137344-PER.csproj", "{794A1182-9017-4FE2-BF4F-DC651A02EDD0}"
EndProject
Project("{FAE04EC0-301F-11D3-BF4B-00C04F79EFBC}") = "2015137344-MVC", "2015137344-MVC\2015137344-MVC.csproj", "{EF4A1AAB-45B9-4BD5-ACF0-952CB0BAD8A8}"
EndProject
Project("{FAE04EC0-301F-11D3-BF4B-00C04F79EFBC}") = "2015137344-API", "2015137344-API\2015137344-API\2015137344-API.csproj", "{0B9E2945-B473-4707-B724-FB70F45742DE}"
EndProject
Global
	GlobalSection(SolutionConfigurationPlatforms) = preSolution
		Debug|Any CPU = Debug|Any CPU
		Release|Any CPU = Release|Any CPU
	EndGlobalSection
	GlobalSection(ProjectConfigurationPlatforms) = postSolution
		{6B987C10-98F4-4D7B-97FD-40B0AAA4E6B8}.Debug|Any CPU.ActiveCfg = Debug|Any CPU
		{6B987C10-98F4-4D7B-97FD-40B0AAA4E6B8}.Debug|Any CPU.Build.0 = Debug|Any CPU
		{6B987C10-98F4-4D7B-97FD-40B0AAA4E6B8}.Release|Any CPU.ActiveCfg = Release|Any CPU
		{6B987C10-98F4-4D7B-97FD-40B0AAA4E6B8}.Release|Any CPU.Build.0 = Release|Any CPU
		{EF4060D8-F82B-4AC9-B473-73BBC2D049B9}.Debug|Any CPU.ActiveCfg = Debug|Any CPU
		{EF4060D8-F82B-4AC9-B473-73BBC2D049B9}.Debug|Any CPU.Build.0 = Debug|Any CPU
		{EF4060D8-F82B-4AC9-B473-73BBC2D049B9}.Release|Any CPU.ActiveCfg = Release|Any CPU
		{EF4060D8-F82B-4AC9-B473-73BBC2D049B9}.Release|Any CPU.Build.0 = Release|Any CPU
		{794A1182-9017-4FE2-BF4F-DC651A02EDD0}.Debug|Any CPU.ActiveCfg = Debug|Any CPU
		{794A1182-9017-4FE2-BF4F-DC651A02EDD0}.Debug|Any CPU.Build.0 = Debug|Any CPU
		{794A1182-9017-4FE2-BF4F-DC651A02EDD0}.Release|Any CPU.ActiveCfg = Release|Any CPU
		{794A1182-9017-4FE2-BF4F-DC651A02EDD0}.Release|Any CPU.Build.0 = Release|Any CPU
		{EF4A1AAB-45B9-4BD5-ACF0-952CB0BAD8A8}.Debug|Any CPU.ActiveCfg = Debug|Any CPU
		{EF4A1AAB-45B9-4BD5-ACF0-952CB0BAD8A8}.Debug|Any CPU.Build.0 = Debug|Any CPU
		{EF4A1AAB-45B9-4BD5-ACF0-952CB0BAD8A8}.Release|Any CPU.ActiveCfg = Release|Any CPU
		{EF4A1AAB-45B9-4BD5-ACF0-952CB0BAD8A8}.Release|Any CPU.Build.0 = Release|Any CPU
		{0B9E2945-B473-4707-B724-FB70F45742DE}.Debug|Any CPU.ActiveCfg = Debug|Any CPU
		{0B9E2945-B473-4707-B724-FB70F45742DE}.Debug|Any CPU.Build.0 = Debug|Any CPU
		{0B9E2945-B473-4707-B724-FB70F45742DE}.Release|Any CPU.ActiveCfg = Release|Any CPU
		{0B9E2945-B473-4707-B724-FB70F45742DE}.Release|Any CPU.Build.0 = Release|Any CPU
	EndGlobalSection
	GlobalSection(SolutionProperties) = preSolution
		HideSolutionNode = FALSE
	EndGlobalSection
EndGlobal
